PODS:
  - DropMenu (10.0.3):
    - Kingfisher (~> 6.0)
  - Kingfisher (6.3.1)

DEPENDENCIES:
  - DropMenu (from `../`)

SPEC REPOS:
  trunk:
    - Kingfisher

EXTERNAL SOURCES:
  DropMenu:
    :path: "../"

SPEC CHECKSUMS:
  DropMenu: 3ad0d842eb13683909f838bef1112422b99a10e9
  Kingfisher: 016c8b653a35add51dd34a3aba36b580041acc74

PODFILE CHECKSUM: cad831741adec97102a226d96d6c2459988de326

COCOAPODS: 1.11.2
